
Microsoft Visual Studio Solution File, Format Version 12.00
# Visual Studio Version 16
VisualStudioVersion = 16.0.31515.178
MinimumVisualStudioVersion = 10.0.40219.1
Project("{9A19103F-16F7-4668-BE54-9A1E7A4F7556}") = "TodoUI", "src\TodoUI\TodoUI.csproj", "{529D7701-C20B-41B4-AFFC-424E750D5C1F}"
EndProject
Project("{9A19103F-16F7-4668-BE54-9A1E7A4F7556}") = "TodoApi", "src\TodoApi\TodoApi.csproj", "{16DD0C91-80B2-4424-9A55-D0364BBBDF97}"
EndProject
Project("{E53339B2-1760-4266-BCC7-CA923CBCF16C}") = "docker-compose", "docker-compose.dcproj", "{1E3AB0FB-D57E-4D29-846E-6812CD995F01}"
EndProject
Project("{FAE04EC0-301F-11D3-BF4B-00C04F79EFBC}") = "TodoApi.Tests", "..\TodoApi.Tests\TodoApi.Tests.csproj", "{83F93E93-6E9A-4665-A654-AAC8189CDF4B}"
EndProject
Global
	GlobalSection(SolutionConfigurationPlatforms) = preSolution
		Debug|Any CPU = Debug|Any CPU
		Release|Any CPU = Release|Any CPU
	EndGlobalSection
	GlobalSection(ProjectConfigurationPlatforms) = postSolution
		{529D7701-C20B-41B4-AFFC-424E750D5C1F}.Debug|Any CPU.ActiveCfg = Debug|Any CPU
		{529D7701-C20B-41B4-AFFC-424E750D5C1F}.Debug|Any CPU.Build.0 = Debug|Any CPU
		{529D7701-C20B-41B4-AFFC-424E750D5C1F}.Release|Any CPU.ActiveCfg = Release|Any CPU
		{529D7701-C20B-41B4-AFFC-424E750D5C1F}.Release|Any CPU.Build.0 = Release|Any CPU
		{16DD0C91-80B2-4424-9A55-D0364BBBDF97}.Debug|Any CPU.ActiveCfg = Debug|Any CPU
		{16DD0C91-80B2-4424-9A55-D0364BBBDF97}.Debug|Any CPU.Build.0 = Debug|Any CPU
		{16DD0C91-80B2-4424-9A55-D0364BBBDF97}.Release|Any CPU.ActiveCfg = Release|Any CPU
		{16DD0C91-80B2-4424-9A55-D0364BBBDF97}.Release|Any CPU.Build.0 = Release|Any CPU
		{1E3AB0FB-D57E-4D29-846E-6812CD995F01}.Debug|Any CPU.ActiveCfg = Debug|Any CPU
		{1E3AB0FB-D57E-4D29-846E-6812CD995F01}.Debug|Any CPU.Build.0 = Debug|Any CPU
		{1E3AB0FB-D57E-4D29-846E-6812CD995F01}.Release|Any CPU.ActiveCfg = Release|Any CPU
		{1E3AB0FB-D57E-4D29-846E-6812CD995F01}.Release|Any CPU.Build.0 = Release|Any CPU
		{83F93E93-6E9A-4665-A654-AAC8189CDF4B}.Debug|Any CPU.ActiveCfg = Debug|Any CPU
		{83F93E93-6E9A-4665-A654-AAC8189CDF4B}.Debug|Any CPU.Build.0 = Debug|Any CPU
		{83F93E93-6E9A-4665-A654-AAC8189CDF4B}.Release|Any CPU.ActiveCfg = Release|Any CPU
		{83F93E93-6E9A-4665-A654-AAC8189CDF4B}.Release|Any CPU.Build.0 = Release|Any CPU
	EndGlobalSection
	GlobalSection(SolutionProperties) = preSolution
		HideSolutionNode = FALSE
	EndGlobalSection
	GlobalSection(ExtensibilityGlobals) = postSolution
		SolutionGuid = {0858F6CF-1342-4638-BC3C-315689A4A608}
	EndGlobalSection
EndGlobal
